{
  "nodes": {
    "home-manager": {
      "inputs": {
        "nixpkgs": [
          "nixpkgs"
        ]
      },
      "locked": {
        "lastModified": 1734037113,
        "narHash": "sha256-ENSfIRpZUGyr2quTJCESzppcR9i0N2iUrenGxcr9Mj0=",
        "owner": "nix-community",
        "repo": "home-manager",
        "rev": "e526fd2b1a40e4ca0b5e07e87b8c960281c67412",
        "type": "github"
      },
      "original": {
        "owner": "nix-community",
        "repo": "home-manager",
        "type": "github"
      }
    },
    "neovim-config": {
      "locked": {
        "lastModified": 1731649324,
        "narHash": "sha256-CZiXyjT/+ppzNJQrSpfa6aHSDmVXeELv2rrs1ix/cEo=",
        "owner": "nilsalex",
        "repo": "kickstart.nvim",
        "rev": "9469a78b91ead0651e608bf8f38194f8809baad1",
        "type": "github"
      },
      "original": {
        "owner": "nilsalex",
        "ref": "fork-v2",
        "repo": "kickstart.nvim",
        "type": "github"
      }
    },
    "nixpkgs": {
      "locked": {
        "lastModified": 1733759999,
        "narHash": "sha256-463SNPWmz46iLzJKRzO3Q2b0Aurff3U1n0nYItxq7jU=",
        "owner": "NixOs",
        "repo": "nixpkgs",
        "rev": "a73246e2eef4c6ed172979932bc80e1404ba2d56",
        "type": "github"
      },
      "original": {
        "owner": "NixOs",
        "ref": "nixos-unstable",
        "repo": "nixpkgs",
        "type": "github"
      }
    },
    "root": {
      "inputs": {
        "home-manager": "home-manager",
        "neovim-config": "neovim-config",
        "nixpkgs": "nixpkgs"
      }
    }
  },
  "root": "root",
  "version": 7
}
