{
  "nodes": {
    "home-manager": {
      "inputs": {
        "nixpkgs": [
          "nixpkgs"
        ]
      },
      "locked": {
        "lastModified": 1774007980,
        "narHash": "sha256-FOnZjElEI8pqqCvB6K/1JRHTE8o4rer8driivTpq2uo=",
        "owner": "nix-community",
        "repo": "home-manager",
        "rev": "9670de2921812bc4e0452f6e3efd8c859696c183",
        "type": "github"
      },
      "original": {
        "owner": "nix-community",
        "repo": "home-manager",
        "type": "github"
      }
    },
    "neovim-config": {
      "locked": {
        "lastModified": 1767031229,
        "narHash": "sha256-IRtcBPyFr6afJnOkO8ZmpOFmVjPSF7WA0WLXiajBmt8=",
        "owner": "nilsalex",
        "repo": "kickstart.nvim",
        "rev": "073494facecdcfb724692561a0fc0e38b46d81e3",
        "type": "github"
      },
      "original": {
        "owner": "nilsalex",
        "ref": "fork-v2",
        "repo": "kickstart.nvim",
        "type": "github"
      }
    },
    "nixpkgs": {
      "locked": {
        "lastModified": 1773821835,
        "narHash": "sha256-TJ3lSQtW0E2JrznGVm8hOQGVpXjJyXY2guAxku2O9A4=",
        "owner": "NixOs",
        "repo": "nixpkgs",
        "rev": "b40629efe5d6ec48dd1efba650c797ddbd39ace0",
        "type": "github"
      },
      "original": {
        "owner": "NixOs",
        "ref": "nixos-unstable",
        "repo": "nixpkgs",
        "type": "github"
      }
    },
    "nixpkgs_2": {
      "locked": {
        "lastModified": 1772091128,
        "narHash": "sha256-TnrYykX8Mf/Ugtkix6V+PjW7miU2yClA6uqWl/v6KWM=",
        "owner": "NixOS",
        "repo": "nixpkgs",
        "rev": "3f0336406035444b4a24b942788334af5f906259",
        "type": "github"
      },
      "original": {
        "owner": "NixOS",
        "ref": "nixpkgs-unstable",
        "repo": "nixpkgs",
        "type": "github"
      }
    },
    "opencode": {
      "inputs": {
        "nixpkgs": "nixpkgs_2"
      },
      "locked": {
        "lastModified": 1774030577,
        "narHash": "sha256-5aZ3NIydGb54U3E1RF7LzIE2OQytpBNojP3WFgb14O0=",
        "owner": "anomalyco",
        "repo": "opencode",
        "rev": "ce845a0b1b169c2d8a33a0d2db03c6cd40d7b29f",
        "type": "github"
      },
      "original": {
        "owner": "anomalyco",
        "repo": "opencode",
        "type": "github"
      }
    },
    "root": {
      "inputs": {
        "home-manager": "home-manager",
        "neovim-config": "neovim-config",
        "nixpkgs": "nixpkgs",
        "opencode": "opencode"
      }
    }
  },
  "root": "root",
  "version": 7
}
